// !$*UTF8*$!
{
	archiveVersion = 1;
	classes = {
	};
	objectVersion = 51;
	objects = {

/* Begin PBXBuildFile section */
		6E11041323CD634A00FCAD8F /* ShowStartViewController.swift in Sources */ = {isa = PBXBuildFile; fileRef = 6E11041223CD634A00FCAD8F /* ShowStartViewController.swift */; };
		6E166AAA23F4251B002AB787 /* ShowStartSearchController.swift in Sources */ = {isa = PBXBuildFile; fileRef = 6E166AA923F4251B002AB787 /* ShowStartSearchController.swift */; };
		6E166AAE23F430EB002AB787 /* ShowStartSearchHistoryCell.swift in Sources */ = {isa = PBXBuildFile; fileRef = 6E166AAD23F430EB002AB787 /* ShowStartSearchHistoryCell.swift */; };
		6E166AB023F431CE002AB787 /* XYBaseCollectionCell.swift in Sources */ = {isa = PBXBuildFile; fileRef = 6E166AAF23F431CE002AB787 /* XYBaseCollectionCell.swift */; };
		6E166AB223F43382002AB787 /* XYBaseTableCell.swift in Sources */ = {isa = PBXBuildFile; fileRef = 6E166AB123F43382002AB787 /* XYBaseTableCell.swift */; };
		6E166AB423F44C2E002AB787 /* ShowStartSearchModel.swift in Sources */ = {isa = PBXBuildFile; fileRef = 6E166AB323F44C2D002AB787 /* ShowStartSearchModel.swift */; };
		6E166AB623F44D71002AB787 /* ShowStartSearchViewModel.swift in Sources */ = {isa = PBXBuildFile; fileRef = 6E166AB523F44D71002AB787 /* ShowStartSearchViewModel.swift */; };
		6E166AB823F4580F002AB787 /* XYTabBarController.swift in Sources */ = {isa = PBXBuildFile; fileRef = 6E166AB723F4580F002AB787 /* XYTabBarController.swift */; };
		6E166ABA23F47758002AB787 /* XYBaseCollectionReusableView.swift in Sources */ = {isa = PBXBuildFile; fileRef = 6E166AB923F47758002AB787 /* XYBaseCollectionReusableView.swift */; };
		6E166ABC23F4822F002AB787 /* ShowStartSearchHeader.swift in Sources */ = {isa = PBXBuildFile; fileRef = 6E166ABB23F4822F002AB787 /* ShowStartSearchHeader.swift */; };
		6E166ABE23F49BEC002AB787 /* XYCollectionLayout.swift in Sources */ = {isa = PBXBuildFile; fileRef = 6E166ABD23F49BEC002AB787 /* XYCollectionLayout.swift */; };
		6E1E8A24240EBA520087CEF7 /* ArrayExtension.swift in Sources */ = {isa = PBXBuildFile; fileRef = 6E1E8A23240EBA520087CEF7 /* ArrayExtension.swift */; };
		6E1E8A29240EBD680087CEF7 /* MusicItem.swift in Sources */ = {isa = PBXBuildFile; fileRef = 6E1E8A28240EBD680087CEF7 /* MusicItem.swift */; };
		6E22A8E223F3EE3900440442 /* ShowStartCityModel.swift in Sources */ = {isa = PBXBuildFile; fileRef = 6E22A8E123F3EE3900440442 /* ShowStartCityModel.swift */; };
		6E2944BA23F7C9BA006ED05D /* XYWebViewController.swift in Sources */ = {isa = PBXBuildFile; fileRef = 6E2944B923F7C9BA006ED05D /* XYWebViewController.swift */; };
		6E34D36223D5725A00850B44 /* CommonExtension.swift in Sources */ = {isa = PBXBuildFile; fileRef = 6E34D36123D5725A00850B44 /* CommonExtension.swift */; };
		6E34D36A23D57AB500850B44 /* XYNavigationController.swift in Sources */ = {isa = PBXBuildFile; fileRef = 6E34D36923D57AB500850B44 /* XYNavigationController.swift */; };
		6E34D36C23D57BFB00850B44 /* WRNavigationBar.swift in Sources */ = {isa = PBXBuildFile; fileRef = 6E34D36B23D57BFB00850B44 /* WRNavigationBar.swift */; };
		6E34D36E23D57C0D00850B44 /* WRCustomNavigationBar.swift in Sources */ = {isa = PBXBuildFile; fileRef = 6E34D36D23D57C0D00850B44 /* WRCustomNavigationBar.swift */; };
		6E34D37323D59AC500850B44 /* ShowStartAPI.swift in Sources */ = {isa = PBXBuildFile; fileRef = 6E34D37223D59AC500850B44 /* ShowStartAPI.swift */; };
		6E34D37523D5A3E500850B44 /* ShowStartShowCell.swift in Sources */ = {isa = PBXBuildFile; fileRef = 6E34D37423D5A3E500850B44 /* ShowStartShowCell.swift */; };
		6E34D37723D5A4DB00850B44 /* URefreshView.swift in Sources */ = {isa = PBXBuildFile; fileRef = 6E34D37623D5A4DB00850B44 /* URefreshView.swift */; };
		6E353B4523F663EA00743CB0 /* XYPageView.swift in Sources */ = {isa = PBXBuildFile; fileRef = 6E353B4423F663EA00743CB0 /* XYPageView.swift */; };
		6E353B4723F6647C00743CB0 /* PageStyle.swift in Sources */ = {isa = PBXBuildFile; fileRef = 6E353B4623F6647C00743CB0 /* PageStyle.swift */; };
		6E353B4B23F6675E00743CB0 /* PageTitleView.swift in Sources */ = {isa = PBXBuildFile; fileRef = 6E353B4A23F6675E00743CB0 /* PageTitleView.swift */; };
		6E353B4D23F6821400743CB0 /* PageContentView.swift in Sources */ = {isa = PBXBuildFile; fileRef = 6E353B4C23F6821400743CB0 /* PageContentView.swift */; };
		6E353B4F23F6E89600743CB0 /* WUSTNoticeDetailController.swift in Sources */ = {isa = PBXBuildFile; fileRef = 6E353B4E23F6E89600743CB0 /* WUSTNoticeDetailController.swift */; };
		6E419E2923F535C9009EEAD0 /* ShowStartSearchBar.swift in Sources */ = {isa = PBXBuildFile; fileRef = 6E419E2823F535C9009EEAD0 /* ShowStartSearchBar.swift */; };
		6E419E2B23F555AB009EEAD0 /* R.generated.swift in Sources */ = {isa = PBXBuildFile; fileRef = 6E419E2A23F555AB009EEAD0 /* R.generated.swift */; };
		6E43FCCC23F7E8DE00F5741C /* ShowStartBannerModel.swift in Sources */ = {isa = PBXBuildFile; fileRef = 6E43FCCB23F7E8DE00F5741C /* ShowStartBannerModel.swift */; };
		6E6DB8C3239E114100076049 /* AppDelegate.swift in Sources */ = {isa = PBXBuildFile; fileRef = 6E6DB8C2239E114100076049 /* AppDelegate.swift */; };
		6E6DB8CC239E114500076049 /* Assets.xcassets in Resources */ = {isa = PBXBuildFile; fileRef = 6E6DB8CB239E114500076049 /* Assets.xcassets */; };
		6E6DB8CF239E114500076049 /* LaunchScreen.storyboard in Resources */ = {isa = PBXBuildFile; fileRef = 6E6DB8CD239E114500076049 /* LaunchScreen.storyboard */; };
		6E6DB8E4239E1BEB00076049 /* XYBaseViewController.swift in Sources */ = {isa = PBXBuildFile; fileRef = 6E6DB8E3239E1BEB00076049 /* XYBaseViewController.swift */; };
		6E6DB8E6239E1D1500076049 /* XYHomeViewController.swift in Sources */ = {isa = PBXBuildFile; fileRef = 6E6DB8E5239E1D1500076049 /* XYHomeViewController.swift */; };
		6E6DB8EC239E21E500076049 /* XYMineViewController.swift in Sources */ = {isa = PBXBuildFile; fileRef = 6E6DB8EB239E21E500076049 /* XYMineViewController.swift */; };
		6E6DB8F0239E2FF300076049 /* XYWirelessViewController.swift in Sources */ = {isa = PBXBuildFile; fileRef = 6E6DB8EF239E2FF300076049 /* XYWirelessViewController.swift */; };
		6E6DB8F8239E90C300076049 /* XYAcademicAffairAPI.swift in Sources */ = {isa = PBXBuildFile; fileRef = 6E6DB8F7239E90C300076049 /* XYAcademicAffairAPI.swift */; };
		6E93731E23F57D0A006CBFAB /* BaiduMapAPI.swift in Sources */ = {isa = PBXBuildFile; fileRef = 6E93731D23F57D0A006CBFAB /* BaiduMapAPI.swift */; };
		6E95679C23D96E0900BE76D4 /* XYShowStartViewModel.swift in Sources */ = {isa = PBXBuildFile; fileRef = 6E95679B23D96E0900BE76D4 /* XYShowStartViewModel.swift */; };
		6E95679E23D9713800BE76D4 /* ShowStartShowModel.swift in Sources */ = {isa = PBXBuildFile; fileRef = 6E95679D23D9713800BE76D4 /* ShowStartShowModel.swift */; };
		6E97F43923E463B700CFCA5B /* WUSTNoticeController.swift in Sources */ = {isa = PBXBuildFile; fileRef = 6E97F43823E463B700CFCA5B /* WUSTNoticeController.swift */; };
		6E97F43B23E464E100CFCA5B /* WUSTNoticeBaseController.swift in Sources */ = {isa = PBXBuildFile; fileRef = 6E97F43A23E464E100CFCA5B /* WUSTNoticeBaseController.swift */; };
		6E97F43F23E474F800CFCA5B /* WUSTNoticeViewModel.swift in Sources */ = {isa = PBXBuildFile; fileRef = 6E97F43E23E474F800CFCA5B /* WUSTNoticeViewModel.swift */; };
		6E97F44123E4757900CFCA5B /* WUSTNoticeModel.swift in Sources */ = {isa = PBXBuildFile; fileRef = 6E97F44023E4757900CFCA5B /* WUSTNoticeModel.swift */; };
		6E97F44323E4793800CFCA5B /* WUSTNoticeCell.swift in Sources */ = {isa = PBXBuildFile; fileRef = 6E97F44223E4793800CFCA5B /* WUSTNoticeCell.swift */; };
		6EA99FEB240F8AC100E05689 /* ShowStartVideoViewModel.swift in Sources */ = {isa = PBXBuildFile; fileRef = 6EA99FEA240F8AC100E05689 /* ShowStartVideoViewModel.swift */; };
		6EA99FED240F8B2F00E05689 /* ShowStartVideoModel.swift in Sources */ = {isa = PBXBuildFile; fileRef = 6EA99FEC240F8B2F00E05689 /* ShowStartVideoModel.swift */; };
		6EAA47D1240EA4100069910A /* UIImageExtension.swift in Sources */ = {isa = PBXBuildFile; fileRef = 6EAA47D0240EA4100069910A /* UIImageExtension.swift */; };
		6EBB0DDF240050AB004AD461 /* JwcGradeInterfaceView.swift in Sources */ = {isa = PBXBuildFile; fileRef = 6EBB0DDE240050AB004AD461 /* JwcGradeInterfaceView.swift */; };
		6EBD2C50240EA73500457C87 /* UIColorExtension.swift in Sources */ = {isa = PBXBuildFile; fileRef = 6EBD2C4F240EA73500457C87 /* UIColorExtension.swift */; };
		6EBD2C5E240EB48900457C87 /* ShowStartBaseModel.swift in Sources */ = {isa = PBXBuildFile; fileRef = 6EBD2C5D240EB48900457C87 /* ShowStartBaseModel.swift */; };
		6EBD9BDA240ECD1D00EC2644 /* Stack.swift in Sources */ = {isa = PBXBuildFile; fileRef = 6EBD9BD9240ECD1D00EC2644 /* Stack.swift */; };
		6EBD9BDC240ED0DB00EC2644 /* XYMusicPlayer.swift in Sources */ = {isa = PBXBuildFile; fileRef = 6EBD9BDB240ED0DB00EC2644 /* XYMusicPlayer.swift */; };
		6EC92B92240FB1250042131D /* ShowStartVideoCoverView.swift in Sources */ = {isa = PBXBuildFile; fileRef = 6EC92B91240FB1250042131D /* ShowStartVideoCoverView.swift */; };
		6EC92B94240FCF420042131D /* XYVideoPlayer.swift in Sources */ = {isa = PBXBuildFile; fileRef = 6EC92B93240FCF420042131D /* XYVideoPlayer.swift */; };
		6ECDE2CE240F789100A81516 /* IntExtension.swift in Sources */ = {isa = PBXBuildFile; fileRef = 6ECDE2CD240F789100A81516 /* IntExtension.swift */; };
		6ECDE2D0240F864300A81516 /* ShowStartVideoController.swift in Sources */ = {isa = PBXBuildFile; fileRef = 6ECDE2CF240F864200A81516 /* ShowStartVideoController.swift */; };
		6ED96AB12400098E00D696A5 /* JwcAPI.swift in Sources */ = {isa = PBXBuildFile; fileRef = 6ED96AB02400098E00D696A5 /* JwcAPI.swift */; };
		6ED96AB32400369800D696A5 /* JwcModel.swift in Sources */ = {isa = PBXBuildFile; fileRef = 6ED96AB22400369800D696A5 /* JwcModel.swift */; };
		6ED96AB7240039B100D696A5 /* JwcViewModel.swift in Sources */ = {isa = PBXBuildFile; fileRef = 6ED96AB6240039B100D696A5 /* JwcViewModel.swift */; };
		6ED96AB924003E5D00D696A5 /* JwcController.swift in Sources */ = {isa = PBXBuildFile; fileRef = 6ED96AB824003E5D00D696A5 /* JwcController.swift */; };
		6ED96ABB2400414500D696A5 /* JwcGradeController.swift in Sources */ = {isa = PBXBuildFile; fileRef = 6ED96ABA2400414500D696A5 /* JwcGradeController.swift */; };
		6ED96ABD2400417F00D696A5 /* JwcChosenCourseController.swift in Sources */ = {isa = PBXBuildFile; fileRef = 6ED96ABC2400417F00D696A5 /* JwcChosenCourseController.swift */; };
		6ED96ABF2400419300D696A5 /* JwcCreditController.swift in Sources */ = {isa = PBXBuildFile; fileRef = 6ED96ABE2400419300D696A5 /* JwcCreditController.swift */; };
		6ED96AC1240045ED00D696A5 /* JwcGradeCell.swift in Sources */ = {isa = PBXBuildFile; fileRef = 6ED96AC0240045ED00D696A5 /* JwcGradeCell.swift */; };
		6EE33BE923E34A7E004E9A43 /* XYSafariViewController.swift in Sources */ = {isa = PBXBuildFile; fileRef = 6EE33BE823E34A7E004E9A43 /* XYSafariViewController.swift */; };
		6EEB28E823AF385C00647771 /* AppConstant.swift in Sources */ = {isa = PBXBuildFile; fileRef = 6EEB28E723AF385C00647771 /* AppConstant.swift */; };
		6EEF950723E35E0300BBA1BE /* ShowStartCityController.swift in Sources */ = {isa = PBXBuildFile; fileRef = 6EEF950623E35E0300BBA1BE /* ShowStartCityController.swift */; };
		6EEF950A23E37A1100BBA1BE /* ShowStartCityViewModel.swift in Sources */ = {isa = PBXBuildFile; fileRef = 6EEF950923E37A1100BBA1BE /* ShowStartCityViewModel.swift */; };
		6EF98B0C23FBBFEF00B4D975 /* XYNetWorkController.swift in Sources */ = {isa = PBXBuildFile; fileRef = 6EF98B0B23FBBFEF00B4D975 /* XYNetWorkController.swift */; };
		6EF98B1023FBD0A200B4D975 /* InterfaceView.swift in Sources */ = {isa = PBXBuildFile; fileRef = 6EF98B0F23FBD0A200B4D975 /* InterfaceView.swift */; };
		CEBAEE1E453AC487FCF50763 /* Pods_MyFirstApp.framework in Frameworks */ = {isa = PBXBuildFile; fileRef = 096753DBFFBBED4B83A57834 /* Pods_MyFirstApp.framework */; };
/* End PBXBuildFile section */

/* Begin PBXFileReference section */
		096753DBFFBBED4B83A57834 /* Pods_MyFirstApp.framework */ = {isa = PBXFileReference; explicitFileType = wrapper.framework; includeInIndex = 0; path = Pods_MyFirstApp.framework; sourceTree = BUILT_PRODUCTS_DIR; };
		34DDEB401DAE9E1F43E54C3B /* Pods-MyFirstApp.debug.xcconfig */ = {isa = PBXFileReference; includeInIndex = 1; lastKnownFileType = text.xcconfig; name = "Pods-MyFirstApp.debug.xcconfig"; path = "Target Support Files/Pods-MyFirstApp/Pods-MyFirstApp.debug.xcconfig"; sourceTree = "<group>"; };
		5CF9CEB78EDE4EC172412D2D /* Pods-MyFirstApp.release.xcconfig */ = {isa = PBXFileReference; includeInIndex = 1; lastKnownFileType = text.xcconfig; name = "Pods-MyFirstApp.release.xcconfig"; path = "Target Support Files/Pods-MyFirstApp/Pods-MyFirstApp.release.xcconfig"; sourceTree = "<group>"; };
		6E11041223CD634A00FCAD8F /* ShowStartViewController.swift */ = {isa = PBXFileReference; lastKnownFileType = sourcecode.swift; path = ShowStartViewController.swift; sourceTree = "<group>"; };
		6E166AA923F4251B002AB787 /* ShowStartSearchController.swift */ = {isa = PBXFileReference; lastKnownFileType = sourcecode.swift; path = ShowStartSearchController.swift; sourceTree = "<group>"; };
		6E166AAD23F430EB002AB787 /* ShowStartSearchHistoryCell.swift */ = {isa = PBXFileReference; lastKnownFileType = sourcecode.swift; path = ShowStartSearchHistoryCell.swift; sourceTree = "<group>"; };
		6E166AAF23F431CE002AB787 /* XYBaseCollectionCell.swift */ = {isa = PBXFileReference; lastKnownFileType = sourcecode.swift; path = XYBaseCollectionCell.swift; sourceTree = "<group>"; };
		6E166AB123F43382002AB787 /* XYBaseTableCell.swift */ = {isa = PBXFileReference; lastKnownFileType = sourcecode.swift; path = XYBaseTableCell.swift; sourceTree = "<group>"; };
		6E166AB323F44C2D002AB787 /* ShowStartSearchModel.swift */ = {isa = PBXFileReference; lastKnownFileType = sourcecode.swift; path = ShowStartSearchModel.swift; sourceTree = "<group>"; };
		6E166AB523F44D71002AB787 /* ShowStartSearchViewModel.swift */ = {isa = PBXFileReference; lastKnownFileType = sourcecode.swift; path = ShowStartSearchViewModel.swift; sourceTree = "<group>"; };
		6E166AB723F4580F002AB787 /* XYTabBarController.swift */ = {isa = PBXFileReference; lastKnownFileType = sourcecode.swift; path = XYTabBarController.swift; sourceTree = "<group>"; };
		6E166AB923F47758002AB787 /* XYBaseCollectionReusableView.swift */ = {isa = PBXFileReference; lastKnownFileType = sourcecode.swift; path = XYBaseCollectionReusableView.swift; sourceTree = "<group>"; };
		6E166ABB23F4822F002AB787 /* ShowStartSearchHeader.swift */ = {isa = PBXFileReference; lastKnownFileType = sourcecode.swift; path = ShowStartSearchHeader.swift; sourceTree = "<group>"; };
		6E166ABD23F49BEC002AB787 /* XYCollectionLayout.swift */ = {isa = PBXFileReference; lastKnownFileType = sourcecode.swift; path = XYCollectionLayout.swift; sourceTree = "<group>"; };
		6E1E8A23240EBA520087CEF7 /* ArrayExtension.swift */ = {isa = PBXFileReference; lastKnownFileType = sourcecode.swift; path = ArrayExtension.swift; sourceTree = "<group>"; };
		6E1E8A28240EBD680087CEF7 /* MusicItem.swift */ = {isa = PBXFileReference; lastKnownFileType = sourcecode.swift; path = MusicItem.swift; sourceTree = "<group>"; };
		6E22A8E123F3EE3900440442 /* ShowStartCityModel.swift */ = {isa = PBXFileReference; lastKnownFileType = sourcecode.swift; path = ShowStartCityModel.swift; sourceTree = "<group>"; };
		6E2944B923F7C9BA006ED05D /* XYWebViewController.swift */ = {isa = PBXFileReference; lastKnownFileType = sourcecode.swift; path = XYWebViewController.swift; sourceTree = "<group>"; };
		6E34D36123D5725A00850B44 /* CommonExtension.swift */ = {isa = PBXFileReference; lastKnownFileType = sourcecode.swift; path = CommonExtension.swift; sourceTree = "<group>"; };
		6E34D36923D57AB500850B44 /* XYNavigationController.swift */ = {isa = PBXFileReference; lastKnownFileType = sourcecode.swift; path = XYNavigationController.swift; sourceTree = "<group>"; };
		6E34D36B23D57BFB00850B44 /* WRNavigationBar.swift */ = {isa = PBXFileReference; lastKnownFileType = sourcecode.swift; path = WRNavigationBar.swift; sourceTree = "<group>"; };
		6E34D36D23D57C0D00850B44 /* WRCustomNavigationBar.swift */ = {isa = PBXFileReference; lastKnownFileType = sourcecode.swift; path = WRCustomNavigationBar.swift; sourceTree = "<group>"; };
		6E34D37223D59AC500850B44 /* ShowStartAPI.swift */ = {isa = PBXFileReference; lastKnownFileType = sourcecode.swift; path = ShowStartAPI.swift; sourceTree = "<group>"; };
		6E34D37423D5A3E500850B44 /* ShowStartShowCell.swift */ = {isa = PBXFileReference; lastKnownFileType = sourcecode.swift; path = ShowStartShowCell.swift; sourceTree = "<group>"; };
		6E34D37623D5A4DB00850B44 /* URefreshView.swift */ = {isa = PBXFileReference; lastKnownFileType = sourcecode.swift; path = URefreshView.swift; sourceTree = "<group>"; };
		6E353B4423F663EA00743CB0 /* XYPageView.swift */ = {isa = PBXFileReference; lastKnownFileType = sourcecode.swift; path = XYPageView.swift; sourceTree = "<group>"; };
		6E353B4623F6647C00743CB0 /* PageStyle.swift */ = {isa = PBXFileReference; lastKnownFileType = sourcecode.swift; path = PageStyle.swift; sourceTree = "<group>"; };
		6E353B4A23F6675E00743CB0 /* PageTitleView.swift */ = {isa = PBXFileReference; lastKnownFileType = sourcecode.swift; path = PageTitleView.swift; sourceTree = "<group>"; };
		6E353B4C23F6821400743CB0 /* PageContentView.swift */ = {isa = PBXFileReference; lastKnownFileType = sourcecode.swift; path = PageContentView.swift; sourceTree = "<group>"; };
		6E353B4E23F6E89600743CB0 /* WUSTNoticeDetailController.swift */ = {isa = PBXFileReference; lastKnownFileType = sourcecode.swift; path = WUSTNoticeDetailController.swift; sourceTree = "<group>"; };
		6E419E2823F535C9009EEAD0 /* ShowStartSearchBar.swift */ = {isa = PBXFileReference; lastKnownFileType = sourcecode.swift; path = ShowStartSearchBar.swift; sourceTree = "<group>"; };
		6E419E2A23F555AB009EEAD0 /* R.generated.swift */ = {isa = PBXFileReference; fileEncoding = 4; lastKnownFileType = sourcecode.swift; path = R.generated.swift; sourceTree = SOURCE_ROOT; };
		6E43FCCB23F7E8DE00F5741C /* ShowStartBannerModel.swift */ = {isa = PBXFileReference; lastKnownFileType = sourcecode.swift; path = ShowStartBannerModel.swift; sourceTree = "<group>"; };
		6E6DB8BF239E114100076049 /* MyFirstApp.app */ = {isa = PBXFileReference; explicitFileType = wrapper.application; includeInIndex = 0; path = MyFirstApp.app; sourceTree = BUILT_PRODUCTS_DIR; };
		6E6DB8C2239E114100076049 /* AppDelegate.swift */ = {isa = PBXFileReference; lastKnownFileType = sourcecode.swift; path = AppDelegate.swift; sourceTree = "<group>"; };
		6E6DB8CB239E114500076049 /* Assets.xcassets */ = {isa = PBXFileReference; lastKnownFileType = folder.assetcatalog; path = Assets.xcassets; sourceTree = "<group>"; };
		6E6DB8CE239E114500076049 /* Base */ = {isa = PBXFileReference; lastKnownFileType = file.storyboard; name = Base; path = Base.lproj/LaunchScreen.storyboard; sourceTree = "<group>"; };
		6E6DB8D0239E114500076049 /* Info.plist */ = {isa = PBXFileReference; lastKnownFileType = text.plist.xml; path = Info.plist; sourceTree = "<group>"; };
		6E6DB8E3239E1BEB00076049 /* XYBaseViewController.swift */ = {isa = PBXFileReference; lastKnownFileType = sourcecode.swift; path = XYBaseViewController.swift; sourceTree = "<group>"; };
		6E6DB8E5239E1D1500076049 /* XYHomeViewController.swift */ = {isa = PBXFileReference; lastKnownFileType = sourcecode.swift; path = XYHomeViewController.swift; sourceTree = "<group>"; };
		6E6DB8EB239E21E500076049 /* XYMineViewController.swift */ = {isa = PBXFileReference; lastKnownFileType = sourcecode.swift; path = XYMineViewController.swift; sourceTree = "<group>"; };
		6E6DB8EF239E2FF300076049 /* XYWirelessViewController.swift */ = {isa = PBXFileReference; lastKnownFileType = sourcecode.swift; path = XYWirelessViewController.swift; sourceTree = "<group>"; };
		6E6DB8F7239E90C300076049 /* XYAcademicAffairAPI.swift */ = {isa = PBXFileReference; lastKnownFileType = sourcecode.swift; path = XYAcademicAffairAPI.swift; sourceTree = "<group>"; };
		6E93731D23F57D0A006CBFAB /* BaiduMapAPI.swift */ = {isa = PBXFileReference; lastKnownFileType = sourcecode.swift; path = BaiduMapAPI.swift; sourceTree = "<group>"; };
		6E93731F23F5867B006CBFAB /* MyFirstApp-Bridging-Header.h */ = {isa = PBXFileReference; lastKnownFileType = sourcecode.c.h; path = "MyFirstApp-Bridging-Header.h"; sourceTree = "<group>"; };
		6E95679B23D96E0900BE76D4 /* XYShowStartViewModel.swift */ = {isa = PBXFileReference; lastKnownFileType = sourcecode.swift; path = XYShowStartViewModel.swift; sourceTree = "<group>"; };
		6E95679D23D9713800BE76D4 /* ShowStartShowModel.swift */ = {isa = PBXFileReference; lastKnownFileType = sourcecode.swift; path = ShowStartShowModel.swift; sourceTree = "<group>"; };
		6E97F43823E463B700CFCA5B /* WUSTNoticeController.swift */ = {isa = PBXFileReference; lastKnownFileType = sourcecode.swift; path = WUSTNoticeController.swift; sourceTree = "<group>"; };
		6E97F43A23E464E100CFCA5B /* WUSTNoticeBaseController.swift */ = {isa = PBXFileReference; lastKnownFileType = sourcecode.swift; path = WUSTNoticeBaseController.swift; sourceTree = "<group>"; };
		6E97F43E23E474F800CFCA5B /* WUSTNoticeViewModel.swift */ = {isa = PBXFileReference; lastKnownFileType = sourcecode.swift; path = WUSTNoticeViewModel.swift; sourceTree = "<group>"; };
		6E97F44023E4757900CFCA5B /* WUSTNoticeModel.swift */ = {isa = PBXFileReference; lastKnownFileType = sourcecode.swift; path = WUSTNoticeModel.swift; sourceTree = "<group>"; };
		6E97F44223E4793800CFCA5B /* WUSTNoticeCell.swift */ = {isa = PBXFileReference; lastKnownFileType = sourcecode.swift; path = WUSTNoticeCell.swift; sourceTree = "<group>"; };
		6EA99FEA240F8AC100E05689 /* ShowStartVideoViewModel.swift */ = {isa = PBXFileReference; lastKnownFileType = sourcecode.swift; path = ShowStartVideoViewModel.swift; sourceTree = "<group>"; };
		6EA99FEC240F8B2F00E05689 /* ShowStartVideoModel.swift */ = {isa = PBXFileReference; lastKnownFileType = sourcecode.swift; path = ShowStartVideoModel.swift; sourceTree = "<group>"; };
		6EAA47D0240EA4100069910A /* UIImageExtension.swift */ = {isa = PBXFileReference; lastKnownFileType = sourcecode.swift; path = UIImageExtension.swift; sourceTree = "<group>"; };
		6EBB0DDE240050AB004AD461 /* JwcGradeInterfaceView.swift */ = {isa = PBXFileReference; lastKnownFileType = sourcecode.swift; path = JwcGradeInterfaceView.swift; sourceTree = "<group>"; };
		6EBD2C4F240EA73500457C87 /* UIColorExtension.swift */ = {isa = PBXFileReference; lastKnownFileType = sourcecode.swift; path = UIColorExtension.swift; sourceTree = "<group>"; };
		6EBD2C5D240EB48900457C87 /* ShowStartBaseModel.swift */ = {isa = PBXFileReference; lastKnownFileType = sourcecode.swift; path = ShowStartBaseModel.swift; sourceTree = "<group>"; };
		6EBD9BD9240ECD1D00EC2644 /* Stack.swift */ = {isa = PBXFileReference; lastKnownFileType = sourcecode.swift; path = Stack.swift; sourceTree = "<group>"; };
		6EBD9BDB240ED0DB00EC2644 /* XYMusicPlayer.swift */ = {isa = PBXFileReference; lastKnownFileType = sourcecode.swift; path = XYMusicPlayer.swift; sourceTree = "<group>"; };
		6EC92B91240FB1250042131D /* ShowStartVideoCoverView.swift */ = {isa = PBXFileReference; lastKnownFileType = sourcecode.swift; path = ShowStartVideoCoverView.swift; sourceTree = "<group>"; };
		6EC92B93240FCF420042131D /* XYVideoPlayer.swift */ = {isa = PBXFileReference; lastKnownFileType = sourcecode.swift; path = XYVideoPlayer.swift; sourceTree = "<group>"; };
		6ECDE2CD240F789100A81516 /* IntExtension.swift */ = {isa = PBXFileReference; lastKnownFileType = sourcecode.swift; path = IntExtension.swift; sourceTree = "<group>"; };
		6ECDE2CF240F864200A81516 /* ShowStartVideoController.swift */ = {isa = PBXFileReference; lastKnownFileType = sourcecode.swift; path = ShowStartVideoController.swift; sourceTree = "<group>"; };
		6ED96AB02400098E00D696A5 /* JwcAPI.swift */ = {isa = PBXFileReference; lastKnownFileType = sourcecode.swift; path = JwcAPI.swift; sourceTree = "<group>"; };
		6ED96AB22400369800D696A5 /* JwcModel.swift */ = {isa = PBXFileReference; lastKnownFileType = sourcecode.swift; path = JwcModel.swift; sourceTree = "<group>"; };
		6ED96AB6240039B100D696A5 /* JwcViewModel.swift */ = {isa = PBXFileReference; lastKnownFileType = sourcecode.swift; path = JwcViewModel.swift; sourceTree = "<group>"; };
		6ED96AB824003E5D00D696A5 /* JwcController.swift */ = {isa = PBXFileReference; lastKnownFileType = sourcecode.swift; path = JwcController.swift; sourceTree = "<group>"; };
		6ED96ABA2400414500D696A5 /* JwcGradeController.swift */ = {isa = PBXFileReference; lastKnownFileType = sourcecode.swift; path = JwcGradeController.swift; sourceTree = "<group>"; };
		6ED96ABC2400417F00D696A5 /* JwcChosenCourseController.swift */ = {isa = PBXFileReference; lastKnownFileType = sourcecode.swift; path = JwcChosenCourseController.swift; sourceTree = "<group>"; };
		6ED96ABE2400419300D696A5 /* JwcCreditController.swift */ = {isa = PBXFileReference; lastKnownFileType = sourcecode.swift; path = JwcCreditController.swift; sourceTree = "<group>"; };
		6ED96AC0240045ED00D696A5 /* JwcGradeCell.swift */ = {isa = PBXFileReference; lastKnownFileType = sourcecode.swift; path = JwcGradeCell.swift; sourceTree = "<group>"; };
		6EE33BE823E34A7E004E9A43 /* XYSafariViewController.swift */ = {isa = PBXFileReference; lastKnownFileType = sourcecode.swift; path = XYSafariViewController.swift; sourceTree = "<group>"; };
		6EEB28E723AF385C00647771 /* AppConstant.swift */ = {isa = PBXFileReference; lastKnownFileType = sourcecode.swift; path = AppConstant.swift; sourceTree = "<group>"; };
		6EEF950623E35E0300BBA1BE /* ShowStartCityController.swift */ = {isa = PBXFileReference; lastKnownFileType = sourcecode.swift; path = ShowStartCityController.swift; sourceTree = "<group>"; };
		6EEF950923E37A1100BBA1BE /* ShowStartCityViewModel.swift */ = {isa = PBXFileReference; lastKnownFileType = sourcecode.swift; path = ShowStartCityViewModel.swift; sourceTree = "<group>"; };
		6EF98B0B23FBBFEF00B4D975 /* XYNetWorkController.swift */ = {isa = PBXFileReference; lastKnownFileType = sourcecode.swift; path = XYNetWorkController.swift; sourceTree = "<group>"; };
		6EF98B0F23FBD0A200B4D975 /* InterfaceView.swift */ = {isa = PBXFileReference; lastKnownFileType = sourcecode.swift; path = InterfaceView.swift; sourceTree = "<group>"; };
/* End PBXFileReference section */

/* Begin PBXFrameworksBuildPhase section */
		6E6DB8BC239E114100076049 /* Frameworks */ = {
			isa = PBXFrameworksBuildPhase;
			buildActionMask = 2147483647;
			files = (
				CEBAEE1E453AC487FCF50763 /* Pods_MyFirstApp.framework in Frameworks */,
			);
			runOnlyForDeploymentPostprocessing = 0;
		};
/* End PBXFrameworksBuildPhase section */

/* Begin PBXGroup section */
		4071BE841F6B55D9901508BB /* Pods */ = {
			isa = PBXGroup;
			children = (
				34DDEB401DAE9E1F43E54C3B /* Pods-MyFirstApp.debug.xcconfig */,
				5CF9CEB78EDE4EC172412D2D /* Pods-MyFirstApp.release.xcconfig */,
			);
			path = Pods;
			sourceTree = "<group>";
		};
		6E1E8A25240EBBA70087CEF7 /* Grade */ = {
			isa = PBXGroup;
			children = (
				6ED96ABA2400414500D696A5 /* JwcGradeController.swift */,
				6ED96AC0240045ED00D696A5 /* JwcGradeCell.swift */,
				6EBB0DDE240050AB004AD461 /* JwcGradeInterfaceView.swift */,
				6ED96AB6240039B100D696A5 /* JwcViewModel.swift */,
			);
			path = Grade;
			sourceTree = "<group>";
		};
		6E1E8A26240EBBBF0087CEF7 /* ChosenCourse */ = {
			isa = PBXGroup;
			children = (
				6ED96ABC2400417F00D696A5 /* JwcChosenCourseController.swift */,
			);
			path = ChosenCourse;
			sourceTree = "<group>";
		};
		6E1E8A27240EBBCB0087CEF7 /* Credit */ = {
			isa = PBXGroup;
			children = (
				6ED96ABE2400419300D696A5 /* JwcCreditController.swift */,
			);
			path = Credit;
			sourceTree = "<group>";
		};
		6E1E8A2A240EBD6F0087CEF7 /* NetEaseMusic */ = {
			isa = PBXGroup;
			children = (
				6E1E8A28240EBD680087CEF7 /* MusicItem.swift */,
				6EBD9BDB240ED0DB00EC2644 /* XYMusicPlayer.swift */,
			);
			path = NetEaseMusic;
			sourceTree = "<group>";
		};
		6E34D37123D58E3B00850B44 /* ShowStart */ = {
			isa = PBXGroup;
			children = (
				6E34D37223D59AC500850B44 /* ShowStartAPI.swift */,
				6EBD2C5D240EB48900457C87 /* ShowStartBaseModel.swift */,
				6EBD2C59240EB34000457C87 /* Main */,
				6EBD2C51240EB27C00457C87 /* City */,
				6EBD2C55240EB2CB00457C87 /* Search */,
				6ECDE2D1240F864A00A81516 /* Video */,
			);
			path = ShowStart;
			sourceTree = "<group>";
		};
		6E353B4823F6665F00743CB0 /* PageView */ = {
			isa = PBXGroup;
			children = (
				6E353B4423F663EA00743CB0 /* XYPageView.swift */,
				6E353B4623F6647C00743CB0 /* PageStyle.swift */,
				6E353B4A23F6675E00743CB0 /* PageTitleView.swift */,
				6E353B4C23F6821400743CB0 /* PageContentView.swift */,
			);
			path = PageView;
			sourceTree = "<group>";
		};
		6E353B4923F6667C00743CB0 /* ReusableView */ = {
			isa = PBXGroup;
			children = (
				6E166AAF23F431CE002AB787 /* XYBaseCollectionCell.swift */,
				6E166AB123F43382002AB787 /* XYBaseTableCell.swift */,
				6E166AB923F47758002AB787 /* XYBaseCollectionReusableView.swift */,
			);
			path = ReusableView;
			sourceTree = "<group>";
		};
		6E6DB8B6239E114100076049 = {
			isa = PBXGroup;
			children = (
				6E6DB8C1239E114100076049 /* MyFirstApp */,
				6E6DB8C0239E114100076049 /* Products */,
				4071BE841F6B55D9901508BB /* Pods */,
				8E3771486C2C3E29B76428EC /* Frameworks */,
			);
			sourceTree = "<group>";
		};
		6E6DB8C0239E114100076049 /* Products */ = {
			isa = PBXGroup;
			children = (
				6E6DB8BF239E114100076049 /* MyFirstApp.app */,
			);
			name = Products;
			sourceTree = "<group>";
		};
		6E6DB8C1239E114100076049 /* MyFirstApp */ = {
			isa = PBXGroup;
			children = (
				6E6DB8D0239E114500076049 /* Info.plist */,
				6E6DB8CD239E114500076049 /* LaunchScreen.storyboard */,
				6EF98B0D23FBCA9F00B4D975 /* Tool */,
				6E6DB8F3239E344F00076049 /* Resource */,
				6EAA47D2240EA41E0069910A /* Extension */,
				6E6DB8D6239E11F900076049 /* Procedure */,
			);
			path = MyFirstApp;
			sourceTree = "<group>";
		};
		6E6DB8D6239E11F900076049 /* Procedure */ = {
			isa = PBXGroup;
			children = (
				6E6DB8D7239E120F00076049 /* Base */,
				6E6DB8E1239E1ADA00076049 /* Home */,
				6E6DB8E9239E21CE00076049 /* Mine */,
			);
			path = Procedure;
			sourceTree = "<group>";
		};
		6E6DB8D7239E120F00076049 /* Base */ = {
			isa = PBXGroup;
			children = (
				6EEB28E723AF385C00647771 /* AppConstant.swift */,
				6E6DB8C2239E114100076049 /* AppDelegate.swift */,
				6EE33BEA23E34BED004E9A43 /* View */,
				6E6DB8D8239E122200076049 /* Controller */,
				6E93731C23F57CC9006CBFAB /* API */,
				6EC92B93240FCF420042131D /* XYVideoPlayer.swift */,
			);
			path = Base;
			sourceTree = "<group>";
		};
		6E6DB8D8239E122200076049 /* Controller */ = {
			isa = PBXGroup;
			children = (
				6E6DB8E3239E1BEB00076049 /* XYBaseViewController.swift */,
				6E34D36923D57AB500850B44 /* XYNavigationController.swift */,
				6EE33BE823E34A7E004E9A43 /* XYSafariViewController.swift */,
				6E166AB723F4580F002AB787 /* XYTabBarController.swift */,
				6E2944B923F7C9BA006ED05D /* XYWebViewController.swift */,
			);
			path = Controller;
			sourceTree = "<group>";
		};
		6E6DB8E1239E1ADA00076049 /* Home */ = {
			isa = PBXGroup;
			children = (
				6E6DB8E5239E1D1500076049 /* XYHomeViewController.swift */,
				6EF98B0E23FBD06400B4D975 /* NetWorkHomework */,
				6EE33BEB23E34C75004E9A43 /* WirelessWUST */,
				6ED96AB52400397800D696A5 /* WUSTJwc */,
				6EE33BEC23E34CE9004E9A43 /* AboutWUST */,
				6E34D37123D58E3B00850B44 /* ShowStart */,
				6E1E8A2A240EBD6F0087CEF7 /* NetEaseMusic */,
			);
			path = Home;
			sourceTree = "<group>";
		};
		6E6DB8E9239E21CE00076049 /* Mine */ = {
			isa = PBXGroup;
			children = (
				6E6DB8EB239E21E500076049 /* XYMineViewController.swift */,
			);
			path = Mine;
			sourceTree = "<group>";
		};
		6E6DB8F3239E344F00076049 /* Resource */ = {
			isa = PBXGroup;
			children = (
				6E419E2A23F555AB009EEAD0 /* R.generated.swift */,
				6E6DB8CB239E114500076049 /* Assets.xcassets */,
			);
			path = Resource;
			sourceTree = "<group>";
		};
		6E93731C23F57CC9006CBFAB /* API */ = {
			isa = PBXGroup;
			children = (
				6E93731D23F57D0A006CBFAB /* BaiduMapAPI.swift */,
			);
			path = API;
			sourceTree = "<group>";
		};
		6E9D62D323E4597B00F6DF74 /* View */ = {
			isa = PBXGroup;
			children = (
				6E34D37423D5A3E500850B44 /* ShowStartShowCell.swift */,
			);
			path = View;
			sourceTree = "<group>";
		};
		6E9D62D423E4599000F6DF74 /* Model */ = {
			isa = PBXGroup;
			children = (
				6E95679D23D9713800BE76D4 /* ShowStartShowModel.swift */,
				6E43FCCB23F7E8DE00F5741C /* ShowStartBannerModel.swift */,
			);
			path = Model;
			sourceTree = "<group>";
		};
		6EAA47D2240EA41E0069910A /* Extension */ = {
			isa = PBXGroup;
			children = (
				6E1E8A23240EBA520087CEF7 /* ArrayExtension.swift */,
				6E34D36123D5725A00850B44 /* CommonExtension.swift */,
				6EBD2C4F240EA73500457C87 /* UIColorExtension.swift */,
				6EAA47D0240EA4100069910A /* UIImageExtension.swift */,
				6ECDE2CD240F789100A81516 /* IntExtension.swift */,
			);
			path = Extension;
			sourceTree = "<group>";
		};
		6EBD2C51240EB27C00457C87 /* City */ = {
			isa = PBXGroup;
			children = (
				6EEF950623E35E0300BBA1BE /* ShowStartCityController.swift */,
				6EBD2C52240EB29900457C87 /* Model */,
				6EBD2C53240EB2A600457C87 /* View */,
				6EBD2C54240EB2AF00457C87 /* ViewModel */,
			);
			path = City;
			sourceTree = "<group>";
		};
		6EBD2C52240EB29900457C87 /* Model */ = {
			isa = PBXGroup;
			children = (
				6E22A8E123F3EE3900440442 /* ShowStartCityModel.swift */,
			);
			path = Model;
			sourceTree = "<group>";
		};
		6EBD2C53240EB2A600457C87 /* View */ = {
			isa = PBXGroup;
			children = (
			);
			path = View;
			sourceTree = "<group>";
		};
		6EBD2C54240EB2AF00457C87 /* ViewModel */ = {
			isa = PBXGroup;
			children = (
				6EEF950923E37A1100BBA1BE /* ShowStartCityViewModel.swift */,
			);
			path = ViewModel;
			sourceTree = "<group>";
		};
		6EBD2C55240EB2CB00457C87 /* Search */ = {
			isa = PBXGroup;
			children = (
				6E166AA923F4251B002AB787 /* ShowStartSearchController.swift */,
				6EBD2C57240EB2FB00457C87 /* Model */,
				6EBD2C56240EB2F100457C87 /* View */,
				6EBD2C58240EB30700457C87 /* ViewModel */,
			);
			path = Search;
			sourceTree = "<group>";
		};
		6EBD2C56240EB2F100457C87 /* View */ = {
			isa = PBXGroup;
			children = (
				6E166ABB23F4822F002AB787 /* ShowStartSearchHeader.swift */,
				6E419E2823F535C9009EEAD0 /* ShowStartSearchBar.swift */,
				6E166AAD23F430EB002AB787 /* ShowStartSearchHistoryCell.swift */,
			);
			path = View;
			sourceTree = "<group>";
		};
		6EBD2C57240EB2FB00457C87 /* Model */ = {
			isa = PBXGroup;
			children = (
				6E166AB323F44C2D002AB787 /* ShowStartSearchModel.swift */,
			);
			path = Model;
			sourceTree = "<group>";
		};
		6EBD2C58240EB30700457C87 /* ViewModel */ = {
			isa = PBXGroup;
			children = (
				6E166AB523F44D71002AB787 /* ShowStartSearchViewModel.swift */,
			);
			path = ViewModel;
			sourceTree = "<group>";
		};
		6EBD2C59240EB34000457C87 /* Main */ = {
			isa = PBXGroup;
			children = (
				6E11041223CD634A00FCAD8F /* ShowStartViewController.swift */,
				6E9D62D423E4599000F6DF74 /* Model */,
				6E9D62D323E4597B00F6DF74 /* View */,
				6EEF950B23E37A1900BBA1BE /* ViewModel */,
			);
			path = Main;
			sourceTree = "<group>";
		};
		6ECDE2D1240F864A00A81516 /* Video */ = {
			isa = PBXGroup;
			children = (
				6ECDE2CF240F864200A81516 /* ShowStartVideoController.swift */,
				6EA99FEA240F8AC100E05689 /* ShowStartVideoViewModel.swift */,
				6EA99FEC240F8B2F00E05689 /* ShowStartVideoModel.swift */,
				6EC92B91240FB1250042131D /* ShowStartVideoCoverView.swift */,
			);
			path = Video;
			sourceTree = "<group>";
		};
		6ED96AB42400392700D696A5 /* WUSTNotice */ = {
			isa = PBXGroup;
			children = (
				6E97F43823E463B700CFCA5B /* WUSTNoticeController.swift */,
				6E97F43A23E464E100CFCA5B /* WUSTNoticeBaseController.swift */,
				6E353B4E23F6E89600743CB0 /* WUSTNoticeDetailController.swift */,
				6E97F43E23E474F800CFCA5B /* WUSTNoticeViewModel.swift */,
				6E97F44023E4757900CFCA5B /* WUSTNoticeModel.swift */,
				6E97F44223E4793800CFCA5B /* WUSTNoticeCell.swift */,
			);
			path = WUSTNotice;
			sourceTree = "<group>";
		};
		6ED96AB52400397800D696A5 /* WUSTJwc */ = {
			isa = PBXGroup;
			children = (
				6ED96AB824003E5D00D696A5 /* JwcController.swift */,
				6ED96AB02400098E00D696A5 /* JwcAPI.swift */,
				6ED96AB22400369800D696A5 /* JwcModel.swift */,
				6E1E8A25240EBBA70087CEF7 /* Grade */,
				6E1E8A26240EBBBF0087CEF7 /* ChosenCourse */,
				6E1E8A27240EBBCB0087CEF7 /* Credit */,
			);
			path = WUSTJwc;
			sourceTree = "<group>";
		};
		6EE33BEA23E34BED004E9A43 /* View */ = {
			isa = PBXGroup;
			children = (
				6E34D36B23D57BFB00850B44 /* WRNavigationBar.swift */,
				6E34D36D23D57C0D00850B44 /* WRCustomNavigationBar.swift */,
				6E34D37623D5A4DB00850B44 /* URefreshView.swift */,
				6E166ABD23F49BEC002AB787 /* XYCollectionLayout.swift */,
				6E353B4923F6667C00743CB0 /* ReusableView */,
				6E353B4823F6665F00743CB0 /* PageView */,
			);
			path = View;
			sourceTree = "<group>";
		};
		6EE33BEB23E34C75004E9A43 /* WirelessWUST */ = {
			isa = PBXGroup;
			children = (
				6E6DB8EF239E2FF300076049 /* XYWirelessViewController.swift */,
			);
			path = WirelessWUST;
			sourceTree = "<group>";
		};
		6EE33BEC23E34CE9004E9A43 /* AboutWUST */ = {
			isa = PBXGroup;
			children = (
				6E6DB8F7239E90C300076049 /* XYAcademicAffairAPI.swift */,
				6ED96AB42400392700D696A5 /* WUSTNotice */,
			);
			path = AboutWUST;
			sourceTree = "<group>";
		};
		6EEF950B23E37A1900BBA1BE /* ViewModel */ = {
			isa = PBXGroup;
			children = (
				6E95679B23D96E0900BE76D4 /* XYShowStartViewModel.swift */,
			);
			path = ViewModel;
			sourceTree = "<group>";
		};
		6EF98B0D23FBCA9F00B4D975 /* Tool */ = {
			isa = PBXGroup;
			children = (
				6E93731F23F5867B006CBFAB /* MyFirstApp-Bridging-Header.h */,
				6EBD9BD9240ECD1D00EC2644 /* Stack.swift */,
			);
			path = Tool;
			sourceTree = "<group>";
		};
		6EF98B0E23FBD06400B4D975 /* NetWorkHomework */ = {
			isa = PBXGroup;
			children = (
				6EF98B0B23FBBFEF00B4D975 /* XYNetWorkController.swift */,
				6EF98B0F23FBD0A200B4D975 /* InterfaceView.swift */,
			);
			path = NetWorkHomework;
			sourceTree = "<group>";
		};
		8E3771486C2C3E29B76428EC /* Frameworks */ = {
			isa = PBXGroup;
			children = (
				096753DBFFBBED4B83A57834 /* Pods_MyFirstApp.framework */,
			);
			name = Frameworks;
			sourceTree = "<group>";
		};
/* End PBXGroup section */

/* Begin PBXNativeTarget section */
		6E6DB8BE239E114100076049 /* MyFirstApp */ = {
			isa = PBXNativeTarget;
			buildConfigurationList = 6E6DB8D3239E114500076049 /* Build configuration list for PBXNativeTarget "MyFirstApp" */;
			buildPhases = (
				96244742B1D57EDFF6827D70 /* [CP] Check Pods Manifest.lock */,
				6E6DB8DE239E172E00076049 /* ShellScript */,
				6E6DB8BB239E114100076049 /* Sources */,
				6E6DB8BC239E114100076049 /* Frameworks */,
				6E6DB8BD239E114100076049 /* Resources */,
				AB626005780F2F6F55C21718 /* [CP] Embed Pods Frameworks */,
			);
			buildRules = (
			);
			dependencies = (
			);
			name = MyFirstApp;
			productName = MyFirstApp;
			productReference = 6E6DB8BF239E114100076049 /* MyFirstApp.app */;
			productType = "com.apple.product-type.application";
		};
/* End PBXNativeTarget section */

/* Begin PBXProject section */
		6E6DB8B7239E114100076049 /* Project object */ = {
			isa = PBXProject;
			attributes = {
				LastSwiftUpdateCheck = 1120;
				LastUpgradeCheck = 1120;
				ORGANIZATIONNAME = xiaoyuu;
				TargetAttributes = {
					6E6DB8BE239E114100076049 = {
						CreatedOnToolsVersion = 11.2.1;
						LastSwiftMigration = 1120;
					};
				};
			};
			buildConfigurationList = 6E6DB8BA239E114100076049 /* Build configuration list for PBXProject "MyFirstApp" */;
			compatibilityVersion = "Xcode 9.3";
			developmentRegion = en;
			hasScannedForEncodings = 0;
			knownRegions = (
				en,
				Base,
			);
			mainGroup = 6E6DB8B6239E114100076049;
			productRefGroup = 6E6DB8C0239E114100076049 /* Products */;
			projectDirPath = "";
			projectRoot = "";
			targets = (
				6E6DB8BE239E114100076049 /* MyFirstApp */,
			);
		};
/* End PBXProject section */

/* Begin PBXResourcesBuildPhase section */
		6E6DB8BD239E114100076049 /* Resources */ = {
			isa = PBXResourcesBuildPhase;
			buildActionMask = 2147483647;
			files = (
				6E6DB8CF239E114500076049 /* LaunchScreen.storyboard in Resources */,
				6E6DB8CC239E114500076049 /* Assets.xcassets in Resources */,
			);
			runOnlyForDeploymentPostprocessing = 0;
		};
/* End PBXResourcesBuildPhase section */

/* Begin PBXShellScriptBuildPhase section */
		6E6DB8DE239E172E00076049 /* ShellScript */ = {
			isa = PBXShellScriptBuildPhase;
			buildActionMask = 2147483647;
			files = (
			);
			inputFileListPaths = (
			);
			inputPaths = (
				"$TEMP_DIR/rswift-lastrun",
			);
			outputFileListPaths = (
			);
			outputPaths = (
				$SRCROOT/R.generated.swift,
			);
			runOnlyForDeploymentPostprocessing = 0;
			shellPath = /bin/sh;
			shellScript = "# Type a script or drag a script file from your workspace to insert its path.\n\"$PODS_ROOT/R.swift/rswift\" generate \"$SRCROOT/R.generated.swift\"\n";
		};
		96244742B1D57EDFF6827D70 /* [CP] Check Pods Manifest.lock */ = {
			isa = PBXShellScriptBuildPhase;
			buildActionMask = 2147483647;
			files = (
			);
			inputFileListPaths = (
			);
			inputPaths = (
				"${PODS_PODFILE_DIR_PATH}/Podfile.lock",
				"${PODS_ROOT}/Manifest.lock",
			);
			name = "[CP] Check Pods Manifest.lock";
			outputFileListPaths = (
			);
			outputPaths = (
				"$(DERIVED_FILE_DIR)/Pods-MyFirstApp-checkManifestLockResult.txt",
			);
			runOnlyForDeploymentPostprocessing = 0;
			shellPath = /bin/sh;
			shellScript = "diff \"${PODS_PODFILE_DIR_PATH}/Podfile.lock\" \"${PODS_ROOT}/Manifest.lock\" > /dev/null\nif [ $? != 0 ] ; then\n    # print error to STDERR\n    echo \"error: The sandbox is not in sync with the Podfile.lock. Run 'pod install' or update your CocoaPods installation.\" >&2\n    exit 1\nfi\n# This output is used by Xcode 'outputs' to avoid re-running this script phase.\necho \"SUCCESS\" > \"${SCRIPT_OUTPUT_FILE_0}\"\n";
			showEnvVarsInLog = 0;
		};
		AB626005780F2F6F55C21718 /* [CP] Embed Pods Frameworks */ = {
			isa = PBXShellScriptBuildPhase;
			buildActionMask = 2147483647;
			files = (
			);
			inputFileListPaths = (
				"${PODS_ROOT}/Target Support Files/Pods-MyFirstApp/Pods-MyFirstApp-frameworks-${CONFIGURATION}-input-files.xcfilelist",
			);
			name = "[CP] Embed Pods Frameworks";
			outputFileListPaths = (
				"${PODS_ROOT}/Target Support Files/Pods-MyFirstApp/Pods-MyFirstApp-frameworks-${CONFIGURATION}-output-files.xcfilelist",
			);
			runOnlyForDeploymentPostprocessing = 0;
			shellPath = /bin/sh;
			shellScript = "\"${PODS_ROOT}/Target Support Files/Pods-MyFirstApp/Pods-MyFirstApp-frameworks.sh\"\n";
			showEnvVarsInLog = 0;
		};
/* End PBXShellScriptBuildPhase section */

/* Begin PBXSourcesBuildPhase section */
		6E6DB8BB239E114100076049 /* Sources */ = {
			isa = PBXSourcesBuildPhase;
			buildActionMask = 2147483647;
			files = (
				6EF98B1023FBD0A200B4D975 /* InterfaceView.swift in Sources */,
				6EE33BE923E34A7E004E9A43 /* XYSafariViewController.swift in Sources */,
				6E97F44123E4757900CFCA5B /* WUSTNoticeModel.swift in Sources */,
				6ED96ABD2400417F00D696A5 /* JwcChosenCourseController.swift in Sources */,
				6E166AAA23F4251B002AB787 /* ShowStartSearchController.swift in Sources */,
				6EC92B94240FCF420042131D /* XYVideoPlayer.swift in Sources */,
				6EA99FED240F8B2F00E05689 /* ShowStartVideoModel.swift in Sources */,
				6E34D36C23D57BFB00850B44 /* WRNavigationBar.swift in Sources */,
				6E97F44323E4793800CFCA5B /* WUSTNoticeCell.swift in Sources */,
				6ED96AB924003E5D00D696A5 /* JwcController.swift in Sources */,
				6EEF950A23E37A1100BBA1BE /* ShowStartCityViewModel.swift in Sources */,
				6E1E8A29240EBD680087CEF7 /* MusicItem.swift in Sources */,
				6E166AAE23F430EB002AB787 /* ShowStartSearchHistoryCell.swift in Sources */,
				6EAA47D1240EA4100069910A /* UIImageExtension.swift in Sources */,
				6E166AB223F43382002AB787 /* XYBaseTableCell.swift in Sources */,
				6EBD9BDC240ED0DB00EC2644 /* XYMusicPlayer.swift in Sources */,
				6E97F43F23E474F800CFCA5B /* WUSTNoticeViewModel.swift in Sources */,
				6E34D36A23D57AB500850B44 /* XYNavigationController.swift in Sources */,
				6E6DB8F8239E90C300076049 /* XYAcademicAffairAPI.swift in Sources */,
				6E43FCCC23F7E8DE00F5741C /* ShowStartBannerModel.swift in Sources */,
				6ED96AC1240045ED00D696A5 /* JwcGradeCell.swift in Sources */,
				6E419E2923F535C9009EEAD0 /* ShowStartSearchBar.swift in Sources */,
				6EBB0DDF240050AB004AD461 /* JwcGradeInterfaceView.swift in Sources */,
				6ED96AB32400369800D696A5 /* JwcModel.swift in Sources */,
				6E353B4B23F6675E00743CB0 /* PageTitleView.swift in Sources */,
				6E166ABC23F4822F002AB787 /* ShowStartSearchHeader.swift in Sources */,
				6E6DB8E4239E1BEB00076049 /* XYBaseViewController.swift in Sources */,
				6EEB28E823AF385C00647771 /* AppConstant.swift in Sources */,
				6ED96AB12400098E00D696A5 /* JwcAPI.swift in Sources */,
				6E93731E23F57D0A006CBFAB /* BaiduMapAPI.swift in Sources */,
				6EBD9BDA240ECD1D00EC2644 /* Stack.swift in Sources */,
				6E95679C23D96E0900BE76D4 /* XYShowStartViewModel.swift in Sources */,
				6E34D37523D5A3E500850B44 /* ShowStartShowCell.swift in Sources */,
				6E166ABA23F47758002AB787 /* XYBaseCollectionReusableView.swift in Sources */,
				6E34D36E23D57C0D00850B44 /* WRCustomNavigationBar.swift in Sources */,
				6E166AB823F4580F002AB787 /* XYTabBarController.swift in Sources */,
				6ECDE2D0240F864300A81516 /* ShowStartVideoController.swift in Sources */,
				6E6DB8C3239E114100076049 /* AppDelegate.swift in Sources */,
				6E34D37323D59AC500850B44 /* ShowStartAPI.swift in Sources */,
				6E353B4F23F6E89600743CB0 /* WUSTNoticeDetailController.swift in Sources */,
				6EF98B0C23FBBFEF00B4D975 /* XYNetWorkController.swift in Sources */,
				6E6DB8F0239E2FF300076049 /* XYWirelessViewController.swift in Sources */,
				6ED96ABF2400419300D696A5 /* JwcCreditController.swift in Sources */,
				6ECDE2CE240F789100A81516 /* IntExtension.swift in Sources */,
				6E1E8A24240EBA520087CEF7 /* ArrayExtension.swift in Sources */,
				6E6DB8EC239E21E500076049 /* XYMineViewController.swift in Sources */,
				6E353B4D23F6821400743CB0 /* PageContentView.swift in Sources */,
				6E2944BA23F7C9BA006ED05D /* XYWebViewController.swift in Sources */,
				6E97F43B23E464E100CFCA5B /* WUSTNoticeBaseController.swift in Sources */,
				6E419E2B23F555AB009EEAD0 /* R.generated.swift in Sources */,
				6EEF950723E35E0300BBA1BE /* ShowStartCityController.swift in Sources */,
				6ED96AB7240039B100D696A5 /* JwcViewModel.swift in Sources */,
				6E353B4723F6647C00743CB0 /* PageStyle.swift in Sources */,
				6EC92B92240FB1250042131D /* ShowStartVideoCoverView.swift in Sources */,
				6E166AB423F44C2E002AB787 /* ShowStartSearchModel.swift in Sources */,
				6EBD2C50240EA73500457C87 /* UIColorExtension.swift in Sources */,
				6E97F43923E463B700CFCA5B /* WUSTNoticeController.swift in Sources */,
				6E6DB8E6239E1D1500076049 /* XYHomeViewController.swift in Sources */,
				6ED96ABB2400414500D696A5 /* JwcGradeController.swift in Sources */,
				6E166ABE23F49BEC002AB787 /* XYCollectionLayout.swift in Sources */,
				6EA99FEB240F8AC100E05689 /* ShowStartVideoViewModel.swift in Sources */,
				6E11041323CD634A00FCAD8F /* ShowStartViewController.swift in Sources */,
				6E166AB623F44D71002AB787 /* ShowStartSearchViewModel.swift in Sources */,
				6E95679E23D9713800BE76D4 /* ShowStartShowModel.swift in Sources */,
				6E34D37723D5A4DB00850B44 /* URefreshView.swift in Sources */,
				6E34D36223D5725A00850B44 /* CommonExtension.swift in Sources */,
				6E166AB023F431CE002AB787 /* XYBaseCollectionCell.swift in Sources */,
				6E353B4523F663EA00743CB0 /* XYPageView.swift in Sources */,
				6EBD2C5E240EB48900457C87 /* ShowStartBaseModel.swift in Sources */,
				6E22A8E223F3EE3900440442 /* ShowStartCityModel.swift in Sources */,
			);
			runOnlyForDeploymentPostprocessing = 0;
		};
/* End PBXSourcesBuildPhase section */

/* Begin PBXVariantGroup section */
		6E6DB8CD239E114500076049 /* LaunchScreen.storyboard */ = {
			isa = PBXVariantGroup;
			children = (
				6E6DB8CE239E114500076049 /* Base */,
			);
			name = LaunchScreen.storyboard;
			sourceTree = "<group>";
		};
/* End PBXVariantGroup section */

/* Begin XCBuildConfiguration section */
		6E6DB8D1239E114500076049 /* Debug */ = {
			isa = XCBuildConfiguration;
			buildSettings = {
				ALWAYS_SEARCH_USER_PATHS = NO;
				CLANG_ANALYZER_NONNULL = YES;
				CLANG_ANALYZER_NUMBER_OBJECT_CONVERSION = YES_AGGRESSIVE;
				CLANG_CXX_LANGUAGE_STANDARD = "gnu++14";
				CLANG_CXX_LIBRARY = "libc++";
				CLANG_ENABLE_MODULES = YES;
				CLANG_ENABLE_OBJC_ARC = YES;
				CLANG_ENABLE_OBJC_WEAK = YES;
				CLANG_WARN_BLOCK_CAPTURE_AUTORELEASING = YES;
				CLANG_WARN_BOOL_CONVERSION = YES;
				CLANG_WARN_COMMA = YES;
				CLANG_WARN_CONSTANT_CONVERSION = YES;
				CLANG_WARN_DEPRECATED_OBJC_IMPLEMENTATIONS = YES;
				CLANG_WARN_DIRECT_OBJC_ISA_USAGE = YES_ERROR;
				CLANG_WARN_DOCUMENTATION_COMMENTS = YES;
				CLANG_WARN_EMPTY_BODY = YES;
				CLANG_WARN_ENUM_CONVERSION = YES;
				CLANG_WARN_INFINITE_RECURSION = YES;
				CLANG_WARN_INT_CONVERSION = YES;
				CLANG_WARN_NON_LITERAL_NULL_CONVERSION = YES;
				CLANG_WARN_OBJC_IMPLICIT_RETAIN_SELF = YES;
				CLANG_WARN_OBJC_LITERAL_CONVERSION = YES;
				CLANG_WARN_OBJC_ROOT_CLASS = YES_ERROR;
				CLANG_WARN_RANGE_LOOP_ANALYSIS = YES;
				CLANG_WARN_STRICT_PROTOTYPES = YES;
				CLANG_WARN_SUSPICIOUS_MOVE = YES;
				CLANG_WARN_UNGUARDED_AVAILABILITY = YES_AGGRESSIVE;
				CLANG_WARN_UNREACHABLE_CODE = YES;
				CLANG_WARN__DUPLICATE_METHOD_MATCH = YES;
				COPY_PHASE_STRIP = NO;
				DEBUG_INFORMATION_FORMAT = dwarf;
				ENABLE_STRICT_OBJC_MSGSEND = YES;
				ENABLE_TESTABILITY = YES;
				GCC_C_LANGUAGE_STANDARD = gnu11;
				GCC_DYNAMIC_NO_PIC = NO;
				GCC_NO_COMMON_BLOCKS = YES;
				GCC_OPTIMIZATION_LEVEL = 0;
				GCC_PREPROCESSOR_DEFINITIONS = (
					"DEBUG=1",
					"$(inherited)",
				);
				GCC_WARN_64_TO_32_BIT_CONVERSION = YES;
				GCC_WARN_ABOUT_RETURN_TYPE = YES_ERROR;
				GCC_WARN_UNDECLARED_SELECTOR = YES;
				GCC_WARN_UNINITIALIZED_AUTOS = YES_AGGRESSIVE;
				GCC_WARN_UNUSED_FUNCTION = YES;
				GCC_WARN_UNUSED_VARIABLE = YES;
				IPHONEOS_DEPLOYMENT_TARGET = 13.2;
				MTL_ENABLE_DEBUG_INFO = INCLUDE_SOURCE;
				MTL_FAST_MATH = YES;
				ONLY_ACTIVE_ARCH = YES;
				SDKROOT = iphoneos;
				SWIFT_ACTIVE_COMPILATION_CONDITIONS = DEBUG;
				SWIFT_OPTIMIZATION_LEVEL = "-Onone";
			};
			name = Debug;
		};
		6E6DB8D2239E114500076049 /* Release */ = {
			isa = XCBuildConfiguration;
			buildSettings = {
				ALWAYS_SEARCH_USER_PATHS = NO;
				CLANG_ANALYZER_NONNULL = YES;
				CLANG_ANALYZER_NUMBER_OBJECT_CONVERSION = YES_AGGRESSIVE;
				CLANG_CXX_LANGUAGE_STANDARD = "gnu++14";
				CLANG_CXX_LIBRARY = "libc++";
				CLANG_ENABLE_MODULES = YES;
				CLANG_ENABLE_OBJC_ARC = YES;
				CLANG_ENABLE_OBJC_WEAK = YES;
				CLANG_WARN_BLOCK_CAPTURE_AUTORELEASING = YES;
				CLANG_WARN_BOOL_CONVERSION = YES;
				CLANG_WARN_COMMA = YES;
				CLANG_WARN_CONSTANT_CONVERSION = YES;
				CLANG_WARN_DEPRECATED_OBJC_IMPLEMENTATIONS = YES;
				CLANG_WARN_DIRECT_OBJC_ISA_USAGE = YES_ERROR;
				CLANG_WARN_DOCUMENTATION_COMMENTS = YES;
				CLANG_WARN_EMPTY_BODY = YES;
				CLANG_WARN_ENUM_CONVERSION = YES;
				CLANG_WARN_INFINITE_RECURSION = YES;
				CLANG_WARN_INT_CONVERSION = YES;
				CLANG_WARN_NON_LITERAL_NULL_CONVERSION = YES;
				CLANG_WARN_OBJC_IMPLICIT_RETAIN_SELF = YES;
				CLANG_WARN_OBJC_LITERAL_CONVERSION = YES;
				CLANG_WARN_OBJC_ROOT_CLASS = YES_ERROR;
				CLANG_WARN_RANGE_LOOP_ANALYSIS = YES;
				CLANG_WARN_STRICT_PROTOTYPES = YES;
				CLANG_WARN_SUSPICIOUS_MOVE = YES;
				CLANG_WARN_UNGUARDED_AVAILABILITY = YES_AGGRESSIVE;
				CLANG_WARN_UNREACHABLE_CODE = YES;
				CLANG_WARN__DUPLICATE_METHOD_MATCH = YES;
				COPY_PHASE_STRIP = NO;
				DEBUG_INFORMATION_FORMAT = "dwarf-with-dsym";
				ENABLE_NS_ASSERTIONS = NO;
				ENABLE_STRICT_OBJC_MSGSEND = YES;
				GCC_C_LANGUAGE_STANDARD = gnu11;
				GCC_NO_COMMON_BLOCKS = YES;
				GCC_WARN_64_TO_32_BIT_CONVERSION = YES;
				GCC_WARN_ABOUT_RETURN_TYPE = YES_ERROR;
				GCC_WARN_UNDECLARED_SELECTOR = YES;
				GCC_WARN_UNINITIALIZED_AUTOS = YES_AGGRESSIVE;
				GCC_WARN_UNUSED_FUNCTION = YES;
				GCC_WARN_UNUSED_VARIABLE = YES;
				IPHONEOS_DEPLOYMENT_TARGET = 13.2;
				MTL_ENABLE_DEBUG_INFO = NO;
				MTL_FAST_MATH = YES;
				SDKROOT = iphoneos;
				SWIFT_COMPILATION_MODE = wholemodule;
				SWIFT_OPTIMIZATION_LEVEL = "-O";
				VALIDATE_PRODUCT = YES;
			};
			name = Release;
		};
		6E6DB8D4239E114500076049 /* Debug */ = {
			isa = XCBuildConfiguration;
			baseConfigurationReference = 34DDEB401DAE9E1F43E54C3B /* Pods-MyFirstApp.debug.xcconfig */;
			buildSettings = {
				ASSETCATALOG_COMPILER_APPICON_NAME = AppIcon;
				CLANG_ENABLE_MODULES = YES;
				CODE_SIGN_STYLE = Automatic;
				DEVELOPMENT_TEAM = 963H533KMZ;
				INFOPLIST_FILE = MyFirstApp/Info.plist;
				LD_RUNPATH_SEARCH_PATHS = (
					"$(inherited)",
					"@executable_path/Frameworks",
				);
				PRODUCT_BUNDLE_IDENTIFIER = me.xiaoyuu.MyFirstApp;
				PRODUCT_NAME = "$(TARGET_NAME)";
				SWIFT_OBJC_BRIDGING_HEADER = "MyFirstApp/Tool/MyFirstApp-Bridging-Header.h";
				SWIFT_OPTIMIZATION_LEVEL = "-Onone";
				SWIFT_VERSION = 5.0;
				TARGETED_DEVICE_FAMILY = "1,2";
			};
			name = Debug;
		};
		6E6DB8D5239E114500076049 /* Release */ = {
			isa = XCBuildConfiguration;
			baseConfigurationReference = 5CF9CEB78EDE4EC172412D2D /* Pods-MyFirstApp.release.xcconfig */;
			buildSettings = {
				ASSETCATALOG_COMPILER_APPICON_NAME = AppIcon;
				CLANG_ENABLE_MODULES = YES;
				CODE_SIGN_STYLE = Automatic;
				DEVELOPMENT_TEAM = 963H533KMZ;
				INFOPLIST_FILE = MyFirstApp/Info.plist;
				LD_RUNPATH_SEARCH_PATHS = (
					"$(inherited)",
					"@executable_path/Frameworks",
				);
				PRODUCT_BUNDLE_IDENTIFIER = me.xiaoyuu.MyFirstApp;
				PRODUCT_NAME = "$(TARGET_NAME)";
				SWIFT_OBJC_BRIDGING_HEADER = "MyFirstApp/Tool/MyFirstApp-Bridging-Header.h";
				SWIFT_VERSION = 5.0;
				TARGETED_DEVICE_FAMILY = "1,2";
			};
			name = Release;
		};
/* End XCBuildConfiguration section */

/* Begin XCConfigurationList section */
		6E6DB8BA239E114100076049 /* Build configuration list for PBXProject "MyFirstApp" */ = {
			isa = XCConfigurationList;
			buildConfigurations = (
				6E6DB8D1239E114500076049 /* Debug */,
				6E6DB8D2239E114500076049 /* Release */,
			);
			defaultConfigurationIsVisible = 0;
			defaultConfigurationName = Release;
		};
		6E6DB8D3239E114500076049 /* Build configuration list for PBXNativeTarget "MyFirstApp" */ = {
			isa = XCConfigurationList;
			buildConfigurations = (
				6E6DB8D4239E114500076049 /* Debug */,
				6E6DB8D5239E114500076049 /* Release */,
			);
			defaultConfigurationIsVisible = 0;
			defaultConfigurationName = Release;
		};
/* End XCConfigurationList section */
	};
	rootObject = 6E6DB8B7239E114100076049 /* Project object */;
}
